
Microsoft Visual Studio Solution File, Format Version 12.00
# Visual Studio Version 16
VisualStudioVersion = 16.0.30413.136
MinimumVisualStudioVersion = 10.0.40219.1
Project("{FAE04EC0-301F-11D3-BF4B-00C04F79EFBC}") = "1. Nasledovanie", "1. Nasledovanie.csproj", "{428DBB5C-3202-473F-A374-ABBDA5E743B8}"
EndProject
Global
	GlobalSection(SolutionConfigurationPlatforms) = preSolution
		Debug|Any CPU = Debug|Any CPU
		Release|Any CPU = Release|Any CPU
	EndGlobalSection
	GlobalSection(ProjectConfigurationPlatforms) = postSolution
		{428DBB5C-3202-473F-A374-ABBDA5E743B8}.Debug|Any CPU.ActiveCfg = Debug|Any CPU
		{428DBB5C-3202-473F-A374-ABBDA5E743B8}.Debug|Any CPU.Build.0 = Debug|Any CPU
		{428DBB5C-3202-473F-A374-ABBDA5E743B8}.Release|Any CPU.ActiveCfg = Release|Any CPU
		{428DBB5C-3202-473F-A374-ABBDA5E743B8}.Release|Any CPU.Build.0 = Release|Any CPU
	EndGlobalSection
	GlobalSection(SolutionProperties) = preSolution
		HideSolutionNode = FALSE
	EndGlobalSection
	GlobalSection(ExtensibilityGlobals) = postSolution
		SolutionGuid = {601F9813-7704-47EA-8C3C-B81BA28B8C99}
	EndGlobalSection
EndGlobal
